
Microsoft Visual Studio Solution File, Format Version 12.00
# Visual Studio Version 17
VisualStudioVersion = 17.6.33723.286
MinimumVisualStudioVersion = 10.0.40219.1
Project("{8BC9CEB8-8B4A-11D0-8D11-00A0C91BC942}") = "TFTMenu", "TFTMenu.vcxitems", "{D1CEA50A-E82F-4BA9-A6B8-21FE6DA8D1DA}"
EndProject
Project("{8BC9CEB8-8B4A-11D0-8D11-00A0C91BC942}") = "TFTMenuSimple", "examples\TFTMenuSimple\TFTMenuSimple.vcxproj", "{7BFFB50B-B575-4D3D-B0B4-80859F074A29}"
EndProject
Global
	GlobalSection(SolutionConfigurationPlatforms) = preSolution
		Debug|ARM = Debug|ARM
		Debug|ARM64 = Debug|ARM64
		Debug|x64 = Debug|x64
		Debug|x86 = Debug|x86
		Release|ARM = Release|ARM
		Release|ARM64 = Release|ARM64
		Release|x64 = Release|x64
		Release|x86 = Release|x86
	EndGlobalSection
	GlobalSection(ProjectConfigurationPlatforms) = postSolution
		{7BFFB50B-B575-4D3D-B0B4-80859F074A29}.Debug|ARM.ActiveCfg = Debug|ARM
		{7BFFB50B-B575-4D3D-B0B4-80859F074A29}.Debug|ARM.Build.0 = Debug|ARM
		{7BFFB50B-B575-4D3D-B0B4-80859F074A29}.Debug|ARM.Deploy.0 = Debug|ARM
		{7BFFB50B-B575-4D3D-B0B4-80859F074A29}.Debug|ARM64.ActiveCfg = Debug|ARM64
		{7BFFB50B-B575-4D3D-B0B4-80859F074A29}.Debug|ARM64.Build.0 = Debug|ARM64
		{7BFFB50B-B575-4D3D-B0B4-80859F074A29}.Debug|ARM64.Deploy.0 = Debug|ARM64
		{7BFFB50B-B575-4D3D-B0B4-80859F074A29}.Debug|x64.ActiveCfg = Debug|x64
		{7BFFB50B-B575-4D3D-B0B4-80859F074A29}.Debug|x64.Build.0 = Debug|x64
		{7BFFB50B-B575-4D3D-B0B4-80859F074A29}.Debug|x64.Deploy.0 = Debug|x64
		{7BFFB50B-B575-4D3D-B0B4-80859F074A29}.Debug|x86.ActiveCfg = Debug|x86
		{7BFFB50B-B575-4D3D-B0B4-80859F074A29}.Debug|x86.Build.0 = Debug|x86
		{7BFFB50B-B575-4D3D-B0B4-80859F074A29}.Debug|x86.Deploy.0 = Debug|x86
		{7BFFB50B-B575-4D3D-B0B4-80859F074A29}.Release|ARM.ActiveCfg = Release|ARM
		{7BFFB50B-B575-4D3D-B0B4-80859F074A29}.Release|ARM.Build.0 = Release|ARM
		{7BFFB50B-B575-4D3D-B0B4-80859F074A29}.Release|ARM.Deploy.0 = Release|ARM
		{7BFFB50B-B575-4D3D-B0B4-80859F074A29}.Release|ARM64.ActiveCfg = Release|ARM64
		{7BFFB50B-B575-4D3D-B0B4-80859F074A29}.Release|ARM64.Build.0 = Release|ARM64
		{7BFFB50B-B575-4D3D-B0B4-80859F074A29}.Release|ARM64.Deploy.0 = Release|ARM64
		{7BFFB50B-B575-4D3D-B0B4-80859F074A29}.Release|x64.ActiveCfg = Release|x64
		{7BFFB50B-B575-4D3D-B0B4-80859F074A29}.Release|x64.Build.0 = Release|x64
		{7BFFB50B-B575-4D3D-B0B4-80859F074A29}.Release|x64.Deploy.0 = Release|x64
		{7BFFB50B-B575-4D3D-B0B4-80859F074A29}.Release|x86.ActiveCfg = Release|x86
		{7BFFB50B-B575-4D3D-B0B4-80859F074A29}.Release|x86.Build.0 = Release|x86
		{7BFFB50B-B575-4D3D-B0B4-80859F074A29}.Release|x86.Deploy.0 = Release|x86
	EndGlobalSection
	GlobalSection(SolutionProperties) = preSolution
		HideSolutionNode = FALSE
	EndGlobalSection
	GlobalSection(ExtensibilityGlobals) = postSolution
		SolutionGuid = {23F1D5A9-755C-4919-B0A5-2C8DDBE7D117}
	EndGlobalSection
	GlobalSection(SharedMSBuildProjectFiles) = preSolution
		TFTMenu.vcxitems*{7bffb50b-b575-4d3d-b0b4-80859f074a29}*SharedItemsImports = 4
		TFTMenu.vcxitems*{d1cea50a-e82f-4ba9-a6b8-21fe6da8d1da}*SharedItemsImports = 9
	EndGlobalSection
EndGlobal
