<?xml version="1.0" encoding="utf-8"?>
<Project ToolsVersion="4.0" xmlns="http://schemas.microsoft.com/developer/msbuild/2003">
  <ItemGroup>
    <Filter Include="Source Files">
      <UniqueIdentifier>{4FC737F1-C7A5-4376-A066-2A32D752A2FF}</UniqueIdentifier>
      <Extensions>cpp;c;cc;cxx;def;odl;idl;hpj;bat;asm;asmx</Extensions>
    </Filter>
    <Filter Include="Header Files">
      <UniqueIdentifier>{93995380-89BD-4b04-88EB-625FBE52EBFB}</UniqueIdentifier>
      <Extensions>h;hh;hpp;hxx;hm;inl;inc;xsd</Extensions>
    </Filter>
    <Filter Include="Misc Files">
      <UniqueIdentifier>{67DA6AB6-F800-4c08-8B7A-83BB121AAD01}</UniqueIdentifier>
      <Extensions>xml;json;txt;rc;ico;cur;bmp;dlg;rc2;rct;bin;rgs;gif;jpg;jpeg;jpe;resx;tiff;tif;png;wav;mfcribbon-ms</Extensions>
    </Filter>
    <Filter Include="src">
      <UniqueIdentifier>{841704db-c251-46a9-8db0-083c3034a204}</UniqueIdentifier>
    </Filter>
    <Filter Include="src\_micro-api-readonly">
      <UniqueIdentifier>{47078c53-7868-4df1-96ad-14f17432576a}</UniqueIdentifier>
    </Filter>
    <Filter Include="src\_micro-api-readonly\core">
      <UniqueIdentifier>{6fd38197-70b6-4032-b835-4c76f103ed59}</UniqueIdentifier>
    </Filter>
    <Filter Include="src\_micro-api-readonly\core\apps">
      <UniqueIdentifier>{5fded8da-ab4a-4aa1-af69-6c1a3b8d97af}</UniqueIdentifier>
    </Filter>
    <Filter Include="src\_micro-api-readonly\core\apps\sntp">
      <UniqueIdentifier>{2e58348c-4078-4227-a856-e5a6d9982bdc}</UniqueIdentifier>
    </Filter>
    <Filter Include="src\_micro-api-readonly\core\libb64">
      <UniqueIdentifier>{5abbd031-f6b8-4257-8416-f1ad49506d07}</UniqueIdentifier>
    </Filter>
    <Filter Include="src\_micro-api-readonly\libraries">
      <UniqueIdentifier>{3ad44366-22e8-4491-ae15-3ec70141cd63}</UniqueIdentifier>
    </Filter>
    <Filter Include="src\_micro-api-readonly\libraries\TFT_eSPI">
      <UniqueIdentifier>{d8274983-e29d-4209-9ca6-bcee7242b6af}</UniqueIdentifier>
    </Filter>
    <Filter Include="src\_micro-api-readonly\libraries\SPI">
      <UniqueIdentifier>{490727dc-3e04-479a-982d-fc063277f997}</UniqueIdentifier>
    </Filter>
    <Filter Include="src\_micro-api-readonly\libraries\FS">
      <UniqueIdentifier>{26e5ebab-e17b-428f-b174-ee075b155cd3}</UniqueIdentifier>
    </Filter>
    <Filter Include="src\_micro-api-readonly\libraries\SPIFFS">
      <UniqueIdentifier>{335f7c5a-a158-40aa-a6ea-2d625054d9c2}</UniqueIdentifier>
    </Filter>
  </ItemGroup>
  <ItemGroup>
    <None Include="src\arduino folders read me.txt">
      <Filter>Misc Files</Filter>
    </None>
    <None Include="..\..\..\TFT_eSPI\library.json">
      <Filter>src\_micro-api-readonly\libraries\TFT_eSPI</Filter>
    </None>
    <None Include="..\..\..\TFT_eSPI\library.properties">
      <Filter>src\_micro-api-readonly\libraries\TFT_eSPI</Filter>
    </None>
    <None Include="..\..\..\..\Arduino15\packages\esp32\hardware\esp32\2.0.9\libraries\SPI\library.properties">
      <Filter>src\_micro-api-readonly\libraries\SPI</Filter>
    </None>
    <None Include="..\..\..\..\Arduino15\packages\esp32\hardware\esp32\2.0.9\libraries\FS\library.properties">
      <Filter>src\_micro-api-readonly\libraries\FS</Filter>
    </None>
    <None Include="..\..\..\..\Arduino15\packages\esp32\hardware\esp32\2.0.9\libraries\SPIFFS\library.properties">
      <Filter>src\_micro-api-readonly\libraries\SPIFFS</Filter>
    </None>
  </ItemGroup>
  <ItemGroup>
    <ClCompile Include="TFTMenuSimple.ino" />
    <ClCompile Include="..\..\..\..\Arduino15\packages\esp32\hardware\esp32\2.0.9\cores\esp32\base64.cpp">
      <Filter>src\_micro-api-readonly\core</Filter>
    </ClCompile>
    <ClCompile Include="..\..\..\..\Arduino15\packages\esp32\hardware\esp32\2.0.9\cores\esp32\cbuf.cpp">
      <Filter>src\_micro-api-readonly\core</Filter>
    </ClCompile>
    <ClCompile Include="..\..\..\..\Arduino15\packages\esp32\hardware\esp32\2.0.9\cores\esp32\Esp.cpp">
      <Filter>src\_micro-api-readonly\core</Filter>
    </ClCompile>
    <ClCompile Include="..\..\..\..\Arduino15\packages\esp32\hardware\esp32\2.0.9\cores\esp32\esp32-hal-adc.c">
      <Filter>src\_micro-api-readonly\core</Filter>
    </ClCompile>
    <ClCompile Include="..\..\..\..\Arduino15\packages\esp32\hardware\esp32\2.0.9\cores\esp32\esp32-hal-bt.c">
      <Filter>src\_micro-api-readonly\core</Filter>
    </ClCompile>
    <ClCompile Include="..\..\..\..\Arduino15\packages\esp32\hardware\esp32\2.0.9\cores\esp32\esp32-hal-cpu.c">
      <Filter>src\_micro-api-readonly\core</Filter>
    </ClCompile>
    <ClCompile Include="..\..\..\..\Arduino15\packages\esp32\hardware\esp32\2.0.9\cores\esp32\esp32-hal-dac.c">
      <Filter>src\_micro-api-readonly\core</Filter>
    </ClCompile>
    <ClCompile Include="..\..\..\..\Arduino15\packages\esp32\hardware\esp32\2.0.9\cores\esp32\esp32-hal-gpio.c">
      <Filter>src\_micro-api-readonly\core</Filter>
    </ClCompile>
    <ClCompile Include="..\..\..\..\Arduino15\packages\esp32\hardware\esp32\2.0.9\cores\esp32\esp32-hal-i2c-slave.c">
      <Filter>src\_micro-api-readonly\core</Filter>
    </ClCompile>
    <ClCompile Include="..\..\..\..\Arduino15\packages\esp32\hardware\esp32\2.0.9\cores\esp32\esp32-hal-i2c.c">
      <Filter>src\_micro-api-readonly\core</Filter>
    </ClCompile>
    <ClCompile Include="..\..\..\..\Arduino15\packages\esp32\hardware\esp32\2.0.9\cores\esp32\esp32-hal-ledc.c">
      <Filter>src\_micro-api-readonly\core</Filter>
    </ClCompile>
    <ClCompile Include="..\..\..\..\Arduino15\packages\esp32\hardware\esp32\2.0.9\cores\esp32\esp32-hal-matrix.c">
      <Filter>src\_micro-api-readonly\core</Filter>
    </ClCompile>
    <ClCompile Include="..\..\..\..\Arduino15\packages\esp32\hardware\esp32\2.0.9\cores\esp32\esp32-hal-misc.c">
      <Filter>src\_micro-api-readonly\core</Filter>
    </ClCompile>
    <ClCompile Include="..\..\..\..\Arduino15\packages\esp32\hardware\esp32\2.0.9\cores\esp32\esp32-hal-psram.c">
      <Filter>src\_micro-api-readonly\core</Filter>
    </ClCompile>
    <ClCompile Include="..\..\..\..\Arduino15\packages\esp32\hardware\esp32\2.0.9\cores\esp32\esp32-hal-rgb-led.c">
      <Filter>src\_micro-api-readonly\core</Filter>
    </ClCompile>
    <ClCompile Include="..\..\..\..\Arduino15\packages\esp32\hardware\esp32\2.0.9\cores\esp32\esp32-hal-rmt.c">
      <Filter>src\_micro-api-readonly\core</Filter>
    </ClCompile>
    <ClCompile Include="..\..\..\..\Arduino15\packages\esp32\hardware\esp32\2.0.9\cores\esp32\esp32-hal-sigmadelta.c">
      <Filter>src\_micro-api-readonly\core</Filter>
    </ClCompile>
    <ClCompile Include="..\..\..\..\Arduino15\packages\esp32\hardware\esp32\2.0.9\cores\esp32\esp32-hal-spi.c">
      <Filter>src\_micro-api-readonly\core</Filter>
    </ClCompile>
    <ClCompile Include="..\..\..\..\Arduino15\packages\esp32\hardware\esp32\2.0.9\cores\esp32\esp32-hal-time.c">
      <Filter>src\_micro-api-readonly\core</Filter>
    </ClCompile>
    <ClCompile Include="..\..\..\..\Arduino15\packages\esp32\hardware\esp32\2.0.9\cores\esp32\esp32-hal-timer.c">
      <Filter>src\_micro-api-readonly\core</Filter>
    </ClCompile>
    <ClCompile Include="..\..\..\..\Arduino15\packages\esp32\hardware\esp32\2.0.9\cores\esp32\esp32-hal-tinyusb.c">
      <Filter>src\_micro-api-readonly\core</Filter>
    </ClCompile>
    <ClCompile Include="..\..\..\..\Arduino15\packages\esp32\hardware\esp32\2.0.9\cores\esp32\esp32-hal-touch.c">
      <Filter>src\_micro-api-readonly\core</Filter>
    </ClCompile>
    <ClCompile Include="..\..\..\..\Arduino15\packages\esp32\hardware\esp32\2.0.9\cores\esp32\esp32-hal-uart.c">
      <Filter>src\_micro-api-readonly\core</Filter>
    </ClCompile>
    <ClCompile Include="..\..\..\..\Arduino15\packages\esp32\hardware\esp32\2.0.9\cores\esp32\FirmwareMSC.cpp">
      <Filter>src\_micro-api-readonly\core</Filter>
    </ClCompile>
    <ClCompile Include="..\..\..\..\Arduino15\packages\esp32\hardware\esp32\2.0.9\cores\esp32\firmware_msc_fat.c">
      <Filter>src\_micro-api-readonly\core</Filter>
    </ClCompile>
    <ClCompile Include="..\..\..\..\Arduino15\packages\esp32\hardware\esp32\2.0.9\cores\esp32\FunctionalInterrupt.cpp">
      <Filter>src\_micro-api-readonly\core</Filter>
    </ClCompile>
    <ClCompile Include="..\..\..\..\Arduino15\packages\esp32\hardware\esp32\2.0.9\cores\esp32\HardwareSerial.cpp">
      <Filter>src\_micro-api-readonly\core</Filter>
    </ClCompile>
    <ClCompile Include="..\..\..\..\Arduino15\packages\esp32\hardware\esp32\2.0.9\cores\esp32\HWCDC.cpp">
      <Filter>src\_micro-api-readonly\core</Filter>
    </ClCompile>
    <ClCompile Include="..\..\..\..\Arduino15\packages\esp32\hardware\esp32\2.0.9\cores\esp32\IPAddress.cpp">
      <Filter>src\_micro-api-readonly\core</Filter>
    </ClCompile>
    <ClCompile Include="..\..\..\..\Arduino15\packages\esp32\hardware\esp32\2.0.9\cores\esp32\IPv6Address.cpp">
      <Filter>src\_micro-api-readonly\core</Filter>
    </ClCompile>
    <ClCompile Include="..\..\..\..\Arduino15\packages\esp32\hardware\esp32\2.0.9\cores\esp32\main.cpp">
      <Filter>src\_micro-api-readonly\core</Filter>
    </ClCompile>
    <ClCompile Include="..\..\..\..\Arduino15\packages\esp32\hardware\esp32\2.0.9\cores\esp32\MD5Builder.cpp">
      <Filter>src\_micro-api-readonly\core</Filter>
    </ClCompile>
    <ClCompile Include="..\..\..\..\Arduino15\packages\esp32\hardware\esp32\2.0.9\cores\esp32\Print.cpp">
      <Filter>src\_micro-api-readonly\core</Filter>
    </ClCompile>
    <ClCompile Include="..\..\..\..\Arduino15\packages\esp32\hardware\esp32\2.0.9\cores\esp32\stdlib_noniso.c">
      <Filter>src\_micro-api-readonly\core</Filter>
    </ClCompile>
    <ClCompile Include="..\..\..\..\Arduino15\packages\esp32\hardware\esp32\2.0.9\cores\esp32\Stream.cpp">
      <Filter>src\_micro-api-readonly\core</Filter>
    </ClCompile>
    <ClCompile Include="..\..\..\..\Arduino15\packages\esp32\hardware\esp32\2.0.9\cores\esp32\StreamString.cpp">
      <Filter>src\_micro-api-readonly\core</Filter>
    </ClCompile>
    <ClCompile Include="..\..\..\..\Arduino15\packages\esp32\hardware\esp32\2.0.9\cores\esp32\Tone.cpp">
      <Filter>src\_micro-api-readonly\core</Filter>
    </ClCompile>
    <ClCompile Include="..\..\..\..\Arduino15\packages\esp32\hardware\esp32\2.0.9\cores\esp32\USB.cpp">
      <Filter>src\_micro-api-readonly\core</Filter>
    </ClCompile>
    <ClCompile Include="..\..\..\..\Arduino15\packages\esp32\hardware\esp32\2.0.9\cores\esp32\USBCDC.cpp">
      <Filter>src\_micro-api-readonly\core</Filter>
    </ClCompile>
    <ClCompile Include="..\..\..\..\Arduino15\packages\esp32\hardware\esp32\2.0.9\cores\esp32\USBMSC.cpp">
      <Filter>src\_micro-api-readonly\core</Filter>
    </ClCompile>
    <ClCompile Include="..\..\..\..\Arduino15\packages\esp32\hardware\esp32\2.0.9\cores\esp32\wiring_pulse.c">
      <Filter>src\_micro-api-readonly\core</Filter>
    </ClCompile>
    <ClCompile Include="..\..\..\..\Arduino15\packages\esp32\hardware\esp32\2.0.9\cores\esp32\wiring_shift.c">
      <Filter>src\_micro-api-readonly\core</Filter>
    </ClCompile>
    <ClCompile Include="..\..\..\..\Arduino15\packages\esp32\hardware\esp32\2.0.9\cores\esp32\WMath.cpp">
      <Filter>src\_micro-api-readonly\core</Filter>
    </ClCompile>
    <ClCompile Include="..\..\..\..\Arduino15\packages\esp32\hardware\esp32\2.0.9\cores\esp32\WString.cpp">
      <Filter>src\_micro-api-readonly\core</Filter>
    </ClCompile>
    <ClCompile Include="..\..\..\TFT_eSPI\TFT_eSPI.cpp">
      <Filter>src\_micro-api-readonly\libraries\TFT_eSPI</Filter>
    </ClCompile>
    <ClCompile Include="..\..\..\..\Arduino15\packages\esp32\hardware\esp32\2.0.9\libraries\SPI\src\SPI.cpp">
      <Filter>src\_micro-api-readonly\libraries\SPI</Filter>
    </ClCompile>
    <ClCompile Include="..\..\..\..\Arduino15\packages\esp32\hardware\esp32\2.0.9\libraries\FS\src\FS.cpp">
      <Filter>src\_micro-api-readonly\libraries\FS</Filter>
    </ClCompile>
    <ClCompile Include="..\..\..\..\Arduino15\packages\esp32\hardware\esp32\2.0.9\libraries\FS\src\vfs_api.cpp">
      <Filter>src\_micro-api-readonly\libraries\FS</Filter>
    </ClCompile>
    <ClCompile Include="..\..\..\..\Arduino15\packages\esp32\hardware\esp32\2.0.9\libraries\SPIFFS\src\SPIFFS.cpp">
      <Filter>src\_micro-api-readonly\libraries\SPIFFS</Filter>
    </ClCompile>
  </ItemGroup>
  <ItemGroup>
    <ClInclude Include="__vm\.TFTMenuSimple.vsarduino.h">
      <Filter>Header Files</Filter>
    </ClInclude>
    <ClInclude Include="..\..\..\..\Arduino15\packages\esp32\hardware\esp32\2.0.9\cores\esp32\Arduino.h">
      <Filter>src\_micro-api-readonly\core</Filter>
    </ClInclude>
    <ClInclude Include="..\..\..\..\Arduino15\packages\esp32\hardware\esp32\2.0.9\cores\esp32\base64.h">
      <Filter>src\_micro-api-readonly\core</Filter>
    </ClInclude>
    <ClInclude Include="..\..\..\..\Arduino15\packages\esp32\hardware\esp32\2.0.9\cores\esp32\binary.h">
      <Filter>src\_micro-api-readonly\core</Filter>
    </ClInclude>
    <ClInclude Include="..\..\..\..\Arduino15\packages\esp32\hardware\esp32\2.0.9\cores\esp32\cbuf.h">
      <Filter>src\_micro-api-readonly\core</Filter>
    </ClInclude>
    <ClInclude Include="..\..\..\..\Arduino15\packages\esp32\hardware\esp32\2.0.9\cores\esp32\Client.h">
      <Filter>src\_micro-api-readonly\core</Filter>
    </ClInclude>
    <ClInclude Include="..\..\..\..\Arduino15\packages\esp32\hardware\esp32\2.0.9\cores\esp32\core_version.h">
      <Filter>src\_micro-api-readonly\core</Filter>
    </ClInclude>
    <ClInclude Include="..\..\..\..\Arduino15\packages\esp32\hardware\esp32\2.0.9\cores\esp32\Esp.h">
      <Filter>src\_micro-api-readonly\core</Filter>
    </ClInclude>
    <ClInclude Include="..\..\..\..\Arduino15\packages\esp32\hardware\esp32\2.0.9\cores\esp32\esp32-hal-adc.h">
      <Filter>src\_micro-api-readonly\core</Filter>
    </ClInclude>
    <ClInclude Include="..\..\..\..\Arduino15\packages\esp32\hardware\esp32\2.0.9\cores\esp32\esp32-hal-bt.h">
      <Filter>src\_micro-api-readonly\core</Filter>
    </ClInclude>
    <ClInclude Include="..\..\..\..\Arduino15\packages\esp32\hardware\esp32\2.0.9\cores\esp32\esp32-hal-cpu.h">
      <Filter>src\_micro-api-readonly\core</Filter>
    </ClInclude>
    <ClInclude Include="..\..\..\..\Arduino15\packages\esp32\hardware\esp32\2.0.9\cores\esp32\esp32-hal-dac.h">
      <Filter>src\_micro-api-readonly\core</Filter>
    </ClInclude>
    <ClInclude Include="..\..\..\..\Arduino15\packages\esp32\hardware\esp32\2.0.9\cores\esp32\esp32-hal-gpio.h">
      <Filter>src\_micro-api-readonly\core</Filter>
    </ClInclude>
    <ClInclude Include="..\..\..\..\Arduino15\packages\esp32\hardware\esp32\2.0.9\cores\esp32\esp32-hal-i2c-slave.h">
      <Filter>src\_micro-api-readonly\core</Filter>
    </ClInclude>
    <ClInclude Include="..\..\..\..\Arduino15\packages\esp32\hardware\esp32\2.0.9\cores\esp32\esp32-hal-i2c.h">
      <Filter>src\_micro-api-readonly\core</Filter>
    </ClInclude>
    <ClInclude Include="..\..\..\..\Arduino15\packages\esp32\hardware\esp32\2.0.9\cores\esp32\esp32-hal-ledc.h">
      <Filter>src\_micro-api-readonly\core</Filter>
    </ClInclude>
    <ClInclude Include="..\..\..\..\Arduino15\packages\esp32\hardware\esp32\2.0.9\cores\esp32\esp32-hal-log.h">
      <Filter>src\_micro-api-readonly\core</Filter>
    </ClInclude>
    <ClInclude Include="..\..\..\..\Arduino15\packages\esp32\hardware\esp32\2.0.9\cores\esp32\esp32-hal-matrix.h">
      <Filter>src\_micro-api-readonly\core</Filter>
    </ClInclude>
    <ClInclude Include="..\..\..\..\Arduino15\packages\esp32\hardware\esp32\2.0.9\cores\esp32\esp32-hal-psram.h">
      <Filter>src\_micro-api-readonly\core</Filter>
    </ClInclude>
    <ClInclude Include="..\..\..\..\Arduino15\packages\esp32\hardware\esp32\2.0.9\cores\esp32\esp32-hal-rgb-led.h">
      <Filter>src\_micro-api-readonly\core</Filter>
    </ClInclude>
    <ClInclude Include="..\..\..\..\Arduino15\packages\esp32\hardware\esp32\2.0.9\cores\esp32\esp32-hal-rmt.h">
      <Filter>src\_micro-api-readonly\core</Filter>
    </ClInclude>
    <ClInclude Include="..\..\..\..\Arduino15\packages\esp32\hardware\esp32\2.0.9\cores\esp32\esp32-hal-sigmadelta.h">
      <Filter>src\_micro-api-readonly\core</Filter>
    </ClInclude>
    <ClInclude Include="..\..\..\..\Arduino15\packages\esp32\hardware\esp32\2.0.9\cores\esp32\esp32-hal-spi.h">
      <Filter>src\_micro-api-readonly\core</Filter>
    </ClInclude>
    <ClInclude Include="..\..\..\..\Arduino15\packages\esp32\hardware\esp32\2.0.9\cores\esp32\esp32-hal-timer.h">
      <Filter>src\_micro-api-readonly\core</Filter>
    </ClInclude>
    <ClInclude Include="..\..\..\..\Arduino15\packages\esp32\hardware\esp32\2.0.9\cores\esp32\esp32-hal-tinyusb.h">
      <Filter>src\_micro-api-readonly\core</Filter>
    </ClInclude>
    <ClInclude Include="..\..\..\..\Arduino15\packages\esp32\hardware\esp32\2.0.9\cores\esp32\esp32-hal-touch.h">
      <Filter>src\_micro-api-readonly\core</Filter>
    </ClInclude>
    <ClInclude Include="..\..\..\..\Arduino15\packages\esp32\hardware\esp32\2.0.9\cores\esp32\esp32-hal-uart.h">
      <Filter>src\_micro-api-readonly\core</Filter>
    </ClInclude>
    <ClInclude Include="..\..\..\..\Arduino15\packages\esp32\hardware\esp32\2.0.9\cores\esp32\esp32-hal.h">
      <Filter>src\_micro-api-readonly\core</Filter>
    </ClInclude>
    <ClInclude Include="..\..\..\..\Arduino15\packages\esp32\hardware\esp32\2.0.9\cores\esp32\esp8266-compat.h">
      <Filter>src\_micro-api-readonly\core</Filter>
    </ClInclude>
    <ClInclude Include="..\..\..\..\Arduino15\packages\esp32\hardware\esp32\2.0.9\cores\esp32\esp_arduino_version.h">
      <Filter>src\_micro-api-readonly\core</Filter>
    </ClInclude>
    <ClInclude Include="..\..\..\..\Arduino15\packages\esp32\hardware\esp32\2.0.9\cores\esp32\FirmwareMSC.h">
      <Filter>src\_micro-api-readonly\core</Filter>
    </ClInclude>
    <ClInclude Include="..\..\..\..\Arduino15\packages\esp32\hardware\esp32\2.0.9\cores\esp32\firmware_msc_fat.h">
      <Filter>src\_micro-api-readonly\core</Filter>
    </ClInclude>
    <ClInclude Include="..\..\..\..\Arduino15\packages\esp32\hardware\esp32\2.0.9\cores\esp32\FunctionalInterrupt.h">
      <Filter>src\_micro-api-readonly\core</Filter>
    </ClInclude>
    <ClInclude Include="..\..\..\..\Arduino15\packages\esp32\hardware\esp32\2.0.9\cores\esp32\HardwareSerial.h">
      <Filter>src\_micro-api-readonly\core</Filter>
    </ClInclude>
    <ClInclude Include="..\..\..\..\Arduino15\packages\esp32\hardware\esp32\2.0.9\cores\esp32\HWCDC.h">
      <Filter>src\_micro-api-readonly\core</Filter>
    </ClInclude>
    <ClInclude Include="..\..\..\..\Arduino15\packages\esp32\hardware\esp32\2.0.9\cores\esp32\IPAddress.h">
      <Filter>src\_micro-api-readonly\core</Filter>
    </ClInclude>
    <ClInclude Include="..\..\..\..\Arduino15\packages\esp32\hardware\esp32\2.0.9\cores\esp32\IPv6Address.h">
      <Filter>src\_micro-api-readonly\core</Filter>
    </ClInclude>
    <ClInclude Include="..\..\..\..\Arduino15\packages\esp32\hardware\esp32\2.0.9\cores\esp32\MD5Builder.h">
      <Filter>src\_micro-api-readonly\core</Filter>
    </ClInclude>
    <ClInclude Include="..\..\..\..\Arduino15\packages\esp32\hardware\esp32\2.0.9\cores\esp32\pgmspace.h">
      <Filter>src\_micro-api-readonly\core</Filter>
    </ClInclude>
    <ClInclude Include="..\..\..\..\Arduino15\packages\esp32\hardware\esp32\2.0.9\cores\esp32\Print.h">
      <Filter>src\_micro-api-readonly\core</Filter>
    </ClInclude>
    <ClInclude Include="..\..\..\..\Arduino15\packages\esp32\hardware\esp32\2.0.9\cores\esp32\Printable.h">
      <Filter>src\_micro-api-readonly\core</Filter>
    </ClInclude>
    <ClInclude Include="..\..\..\..\Arduino15\packages\esp32\hardware\esp32\2.0.9\cores\esp32\Server.h">
      <Filter>src\_micro-api-readonly\core</Filter>
    </ClInclude>
    <ClInclude Include="..\..\..\..\Arduino15\packages\esp32\hardware\esp32\2.0.9\cores\esp32\stdlib_noniso.h">
      <Filter>src\_micro-api-readonly\core</Filter>
    </ClInclude>
    <ClInclude Include="..\..\..\..\Arduino15\packages\esp32\hardware\esp32\2.0.9\cores\esp32\Stream.h">
      <Filter>src\_micro-api-readonly\core</Filter>
    </ClInclude>
    <ClInclude Include="..\..\..\..\Arduino15\packages\esp32\hardware\esp32\2.0.9\cores\esp32\StreamString.h">
      <Filter>src\_micro-api-readonly\core</Filter>
    </ClInclude>
    <ClInclude Include="..\..\..\..\Arduino15\packages\esp32\hardware\esp32\2.0.9\cores\esp32\Udp.h">
      <Filter>src\_micro-api-readonly\core</Filter>
    </ClInclude>
    <ClInclude Include="..\..\..\..\Arduino15\packages\esp32\hardware\esp32\2.0.9\cores\esp32\USB.h">
      <Filter>src\_micro-api-readonly\core</Filter>
    </ClInclude>
    <ClInclude Include="..\..\..\..\Arduino15\packages\esp32\hardware\esp32\2.0.9\cores\esp32\USBCDC.h">
      <Filter>src\_micro-api-readonly\core</Filter>
    </ClInclude>
    <ClInclude Include="..\..\..\..\Arduino15\packages\esp32\hardware\esp32\2.0.9\cores\esp32\USBMSC.h">
      <Filter>src\_micro-api-readonly\core</Filter>
    </ClInclude>
    <ClInclude Include="..\..\..\..\Arduino15\packages\esp32\hardware\esp32\2.0.9\cores\esp32\WCharacter.h">
      <Filter>src\_micro-api-readonly\core</Filter>
    </ClInclude>
    <ClInclude Include="..\..\..\..\Arduino15\packages\esp32\hardware\esp32\2.0.9\cores\esp32\wiring_private.h">
      <Filter>src\_micro-api-readonly\core</Filter>
    </ClInclude>
    <ClInclude Include="..\..\..\..\Arduino15\packages\esp32\hardware\esp32\2.0.9\cores\esp32\WString.h">
      <Filter>src\_micro-api-readonly\core</Filter>
    </ClInclude>
    <ClInclude Include="..\..\..\..\Arduino15\packages\esp32\hardware\esp32\2.0.9\cores\esp32\apps\sntp\sntp.h">
      <Filter>src\_micro-api-readonly\core\apps\sntp</Filter>
    </ClInclude>
    <ClInclude Include="..\..\..\..\Arduino15\packages\esp32\hardware\esp32\2.0.9\cores\esp32\libb64\cdecode.h">
      <Filter>src\_micro-api-readonly\core\libb64</Filter>
    </ClInclude>
    <ClInclude Include="..\..\..\..\Arduino15\packages\esp32\hardware\esp32\2.0.9\cores\esp32\libb64\cencode.h">
      <Filter>src\_micro-api-readonly\core\libb64</Filter>
    </ClInclude>
    <ClInclude Include="..\..\..\..\Arduino15\packages\esp32\hardware\esp32\2.0.9\variants\lilygo_t_display_s3\pins_arduino.h">
      <Filter>src\_micro-api-readonly\core</Filter>
    </ClInclude>
    <ClInclude Include="..\..\..\TFT_eSPI\TFT_config.h">
      <Filter>src\_micro-api-readonly\libraries\TFT_eSPI</Filter>
    </ClInclude>
    <ClInclude Include="..\..\..\TFT_eSPI\TFT_eSPI.h">
      <Filter>src\_micro-api-readonly\libraries\TFT_eSPI</Filter>
    </ClInclude>
    <ClInclude Include="..\..\..\TFT_eSPI\User_Setup.h">
      <Filter>src\_micro-api-readonly\libraries\TFT_eSPI</Filter>
    </ClInclude>
    <ClInclude Include="..\..\..\TFT_eSPI\User_Setup_Select.h">
      <Filter>src\_micro-api-readonly\libraries\TFT_eSPI</Filter>
    </ClInclude>
    <ClInclude Include="..\..\..\..\Arduino15\packages\esp32\hardware\esp32\2.0.9\libraries\SPI\src\SPI.h">
      <Filter>src\_micro-api-readonly\libraries\SPI</Filter>
    </ClInclude>
    <ClInclude Include="..\..\..\..\Arduino15\packages\esp32\hardware\esp32\2.0.9\libraries\FS\src\FS.h">
      <Filter>src\_micro-api-readonly\libraries\FS</Filter>
    </ClInclude>
    <ClInclude Include="..\..\..\..\Arduino15\packages\esp32\hardware\esp32\2.0.9\libraries\FS\src\FSImpl.h">
      <Filter>src\_micro-api-readonly\libraries\FS</Filter>
    </ClInclude>
    <ClInclude Include="..\..\..\..\Arduino15\packages\esp32\hardware\esp32\2.0.9\libraries\FS\src\vfs_api.h">
      <Filter>src\_micro-api-readonly\libraries\FS</Filter>
    </ClInclude>
    <ClInclude Include="..\..\..\..\Arduino15\packages\esp32\hardware\esp32\2.0.9\libraries\SPIFFS\src\SPIFFS.h">
      <Filter>src\_micro-api-readonly\libraries\SPIFFS</Filter>
    </ClInclude>
  </ItemGroup>
  <ItemGroup>
    <Text Include="..\..\..\TFT_eSPI\CMakeLists.txt">
      <Filter>src\_micro-api-readonly\libraries\TFT_eSPI</Filter>
    </Text>
    <Text Include="..\..\..\TFT_eSPI\keywords.txt">
      <Filter>src\_micro-api-readonly\libraries\TFT_eSPI</Filter>
    </Text>
    <Text Include="..\..\..\TFT_eSPI\license.txt">
      <Filter>src\_micro-api-readonly\libraries\TFT_eSPI</Filter>
    </Text>
    <Text Include="..\..\..\TFT_eSPI\README.txt">
      <Filter>src\_micro-api-readonly\libraries\TFT_eSPI</Filter>
    </Text>
    <Text Include="..\..\..\..\Arduino15\packages\esp32\hardware\esp32\2.0.9\libraries\SPI\keywords.txt">
      <Filter>src\_micro-api-readonly\libraries\SPI</Filter>
    </Text>
  </ItemGroup>
</Project>